
Microsoft Visual Studio Solution File, Format Version 12.00
# Visual Studio Version 17
VisualStudioVersion = 17.5.33424.131
MinimumVisualStudioVersion = 10.0.40219.1
Project("{9A19103F-16F7-4668-BE54-9A1E7A4F7556}") = "FancyLogger", "FancyLogger\FancyLogger.csproj", "{3D760A29-5B04-4F0C-8EB2-BEAC362EBF89}"
EndProject
Global
	GlobalSection(SolutionConfigurationPlatforms) = preSolution
		Debug|Any CPU = Debug|Any CPU
		Release|Any CPU = Release|Any CPU
	EndGlobalSection
	GlobalSection(ProjectConfigurationPlatforms) = postSolution
		{3D760A29-5B04-4F0C-8EB2-BEAC362EBF89}.Debug|Any CPU.ActiveCfg = Debug|Any CPU
		{3D760A29-5B04-4F0C-8EB2-BEAC362EBF89}.Debug|Any CPU.Build.0 = Debug|Any CPU
		{3D760A29-5B04-4F0C-8EB2-BEAC362EBF89}.Release|Any CPU.ActiveCfg = Release|Any CPU
		{3D760A29-5B04-4F0C-8EB2-BEAC362EBF89}.Release|Any CPU.Build.0 = Release|Any CPU
	EndGlobalSection
	GlobalSection(SolutionProperties) = preSolution
		HideSolutionNode = FALSE
	EndGlobalSection
	GlobalSection(ExtensibilityGlobals) = postSolution
		SolutionGuid = {A37E6E0F-1FA0-41CD-B115-00A3294D3463}
	EndGlobalSection
EndGlobal
